
Microsoft Visual Studio Solution File, Format Version 12.00
# Visual Studio 2012
Project("{FAE04EC0-301F-11D3-BF4B-00C04F79EFBC}") = "AdultGoldStars", "AdultGoldStars\AdultGoldStars.csproj", "{F834839F-A814-4CF6-88F2-34276D6ACA58}"
EndProject
Global
	GlobalSection(SolutionConfigurationPlatforms) = preSolution
		Debug|iPhoneSimulator = Debug|iPhoneSimulator
		Release|iPhone = Release|iPhone
		Release|iPhoneSimulator = Release|iPhoneSimulator
		Debug|iPhone = Debug|iPhone
	EndGlobalSection
	GlobalSection(ProjectConfigurationPlatforms) = postSolution
		{F834839F-A814-4CF6-88F2-34276D6ACA58}.Debug|iPhoneSimulator.ActiveCfg = Debug|iPhoneSimulator
		{F834839F-A814-4CF6-88F2-34276D6ACA58}.Debug|iPhoneSimulator.Build.0 = Debug|iPhoneSimulator
		{F834839F-A814-4CF6-88F2-34276D6ACA58}.Release|iPhone.ActiveCfg = Release|iPhone
		{F834839F-A814-4CF6-88F2-34276D6ACA58}.Release|iPhone.Build.0 = Release|iPhone
		{F834839F-A814-4CF6-88F2-34276D6ACA58}.Release|iPhoneSimulator.ActiveCfg = Release|iPhoneSimulator
		{F834839F-A814-4CF6-88F2-34276D6ACA58}.Release|iPhoneSimulator.Build.0 = Release|iPhoneSimulator
		{F834839F-A814-4CF6-88F2-34276D6ACA58}.Debug|iPhone.ActiveCfg = Debug|iPhone
		{F834839F-A814-4CF6-88F2-34276D6ACA58}.Debug|iPhone.Build.0 = Debug|iPhone
	EndGlobalSection
EndGlobal
